
Microsoft Visual Studio Solution File, Format Version 12.00
# Visual Studio Version 17
VisualStudioVersion = 17.0.31903.59
MinimumVisualStudioVersion = 10.0.40219.1
Project("{9A19103F-16F7-4668-BE54-9A1E7A4F7556}") = "server", "server\server.csproj", "{D35ADB08-5500-4243-9F37-0167FD6E9264}"
EndProject
Project("{9A19103F-16F7-4668-BE54-9A1E7A4F7556}") = "server.tests", "server.tests\server.tests.csproj", "{8E015323-60E1-4A57-B711-8C84407A9387}"
EndProject
Project("{9A19103F-16F7-4668-BE54-9A1E7A4F7556}") = "Domain", "Domain\Domain.csproj", "{A0903070-D57E-491C-996A-E1EF00369944}"
EndProject
Project("{FAE04EC0-301F-11D3-BF4B-00C04F79EFBC}") = "Specs", "Specs\Specs.csproj", "{D22FC7A0-549D-4A45-B05F-6B1FE17AC4FD}"
EndProject
Global
	GlobalSection(SolutionConfigurationPlatforms) = preSolution
		Debug|Any CPU = Debug|Any CPU
		Release|Any CPU = Release|Any CPU
	EndGlobalSection
	GlobalSection(ProjectConfigurationPlatforms) = postSolution
		{D35ADB08-5500-4243-9F37-0167FD6E9264}.Debug|Any CPU.ActiveCfg = Debug|Any CPU
		{D35ADB08-5500-4243-9F37-0167FD6E9264}.Debug|Any CPU.Build.0 = Debug|Any CPU
		{D35ADB08-5500-4243-9F37-0167FD6E9264}.Release|Any CPU.ActiveCfg = Release|Any CPU
		{D35ADB08-5500-4243-9F37-0167FD6E9264}.Release|Any CPU.Build.0 = Release|Any CPU
		{8E015323-60E1-4A57-B711-8C84407A9387}.Debug|Any CPU.ActiveCfg = Debug|Any CPU
		{8E015323-60E1-4A57-B711-8C84407A9387}.Debug|Any CPU.Build.0 = Debug|Any CPU
		{8E015323-60E1-4A57-B711-8C84407A9387}.Release|Any CPU.ActiveCfg = Release|Any CPU
		{8E015323-60E1-4A57-B711-8C84407A9387}.Release|Any CPU.Build.0 = Release|Any CPU
		{A0903070-D57E-491C-996A-E1EF00369944}.Debug|Any CPU.ActiveCfg = Debug|Any CPU
		{A0903070-D57E-491C-996A-E1EF00369944}.Debug|Any CPU.Build.0 = Debug|Any CPU
		{A0903070-D57E-491C-996A-E1EF00369944}.Release|Any CPU.ActiveCfg = Release|Any CPU
		{A0903070-D57E-491C-996A-E1EF00369944}.Release|Any CPU.Build.0 = Release|Any CPU
		{D22FC7A0-549D-4A45-B05F-6B1FE17AC4FD}.Debug|Any CPU.ActiveCfg = Debug|Any CPU
		{D22FC7A0-549D-4A45-B05F-6B1FE17AC4FD}.Debug|Any CPU.Build.0 = Debug|Any CPU
		{D22FC7A0-549D-4A45-B05F-6B1FE17AC4FD}.Release|Any CPU.ActiveCfg = Release|Any CPU
		{D22FC7A0-549D-4A45-B05F-6B1FE17AC4FD}.Release|Any CPU.Build.0 = Release|Any CPU
	EndGlobalSection
	GlobalSection(SolutionProperties) = preSolution
		HideSolutionNode = FALSE
	EndGlobalSection
	GlobalSection(ExtensibilityGlobals) = postSolution
		SolutionGuid = {B8B42422-9988-4206-9CBA-9010423540E2}
	EndGlobalSection
EndGlobal
